
Microsoft Visual Studio Solution File, Format Version 12.00
# Visual Studio Version 17
VisualStudioVersion = 17.1.32210.238
MinimumVisualStudioVersion = 10.0.40219.1
Project("{FAE04EC0-301F-11D3-BF4B-00C04F79EFBC}") = "Matriz", "Matriz\Matriz.csproj", "{2701F323-8C78-4504-B395-6B3A5537C6FB}"
EndProject
Global
	GlobalSection(SolutionConfigurationPlatforms) = preSolution
		Debug|Any CPU = Debug|Any CPU
		Release|Any CPU = Release|Any CPU
	EndGlobalSection
	GlobalSection(ProjectConfigurationPlatforms) = postSolution
		{2701F323-8C78-4504-B395-6B3A5537C6FB}.Debug|Any CPU.ActiveCfg = Debug|Any CPU
		{2701F323-8C78-4504-B395-6B3A5537C6FB}.Debug|Any CPU.Build.0 = Debug|Any CPU
		{2701F323-8C78-4504-B395-6B3A5537C6FB}.Release|Any CPU.ActiveCfg = Release|Any CPU
		{2701F323-8C78-4504-B395-6B3A5537C6FB}.Release|Any CPU.Build.0 = Release|Any CPU
	EndGlobalSection
	GlobalSection(SolutionProperties) = preSolution
		HideSolutionNode = FALSE
	EndGlobalSection
	GlobalSection(ExtensibilityGlobals) = postSolution
		SolutionGuid = {8DC2B121-4950-4F8F-BB7F-2828012BFD03}
	EndGlobalSection
EndGlobal
